
Microsoft Visual Studio Solution File, Format Version 12.00
# Visual Studio Version 16
VisualStudioVersion = 16.0.31515.178
MinimumVisualStudioVersion = 10.0.40219.1
Project("{FAE04EC0-301F-11D3-BF4B-00C04F79EFBC}") = "az400DemoProject", "az400DemoProject.csproj", "{D107DF36-3176-4B77-9D5C-4AAD38C43AF6}"
EndProject
Global
	GlobalSection(SolutionConfigurationPlatforms) = preSolution
		Debug|Any CPU = Debug|Any CPU
		Release|Any CPU = Release|Any CPU
	EndGlobalSection
	GlobalSection(ProjectConfigurationPlatforms) = postSolution
		{D107DF36-3176-4B77-9D5C-4AAD38C43AF6}.Debug|Any CPU.ActiveCfg = Debug|Any CPU
		{D107DF36-3176-4B77-9D5C-4AAD38C43AF6}.Debug|Any CPU.Build.0 = Debug|Any CPU
		{D107DF36-3176-4B77-9D5C-4AAD38C43AF6}.Release|Any CPU.ActiveCfg = Release|Any CPU
		{D107DF36-3176-4B77-9D5C-4AAD38C43AF6}.Release|Any CPU.Build.0 = Release|Any CPU
	EndGlobalSection
	GlobalSection(SolutionProperties) = preSolution
		HideSolutionNode = FALSE
	EndGlobalSection
	GlobalSection(ExtensibilityGlobals) = postSolution
		SolutionGuid = {0F05CCA9-FA25-493F-8E04-AB38B8981A69}
	EndGlobalSection
EndGlobal
